
Microsoft Visual Studio Solution File, Format Version 12.00
# Visual Studio Version 16
VisualStudioVersion = 16.0.29728.190
MinimumVisualStudioVersion = 10.0.40219.1
Project("{FAE04EC0-301F-11D3-BF4B-00C04F79EFBC}") = "NumberDayOfWeek", "NumberDayOfWeek\NumberDayOfWeek.csproj", "{8D70AA88-FF4C-4177-A72E-376181E6A758}"
EndProject
Project("{2150E333-8FDC-42A3-9474-1A3956D46DE8}") = "Solution Items", "Solution Items", "{FD6A0F9D-EA8A-41D1-B1A0-CF2A0B148AA6}"
	ProjectSection(SolutionItems) = preProject
		LICENSE = LICENSE
		README.md = README.md
	EndProjectSection
EndProject
Global
	GlobalSection(SolutionConfigurationPlatforms) = preSolution
		Debug|Any CPU = Debug|Any CPU
		Release|Any CPU = Release|Any CPU
	EndGlobalSection
	GlobalSection(ProjectConfigurationPlatforms) = postSolution
		{8D70AA88-FF4C-4177-A72E-376181E6A758}.Debug|Any CPU.ActiveCfg = Debug|Any CPU
		{8D70AA88-FF4C-4177-A72E-376181E6A758}.Debug|Any CPU.Build.0 = Debug|Any CPU
		{8D70AA88-FF4C-4177-A72E-376181E6A758}.Release|Any CPU.ActiveCfg = Release|Any CPU
		{8D70AA88-FF4C-4177-A72E-376181E6A758}.Release|Any CPU.Build.0 = Release|Any CPU
	EndGlobalSection
	GlobalSection(SolutionProperties) = preSolution
		HideSolutionNode = FALSE
	EndGlobalSection
	GlobalSection(ExtensibilityGlobals) = postSolution
		SolutionGuid = {56C6BE5D-242B-49A3-8C7D-AE02D396607A}
	EndGlobalSection
EndGlobal
